
Microsoft Visual Studio Solution File, Format Version 12.00
# Visual Studio Version 17
VisualStudioVersion = 17.13.35931.197 d17.13
MinimumVisualStudioVersion = 10.0.40219.1
Project("{FAE04EC0-301F-11D3-BF4B-00C04F79EFBC}") = "Uppgift2", "Uppgift2\Uppgift2.csproj", "{25C98B2D-CA6D-4AEC-A566-EEBCCE83ADDC}"
EndProject
Global
	GlobalSection(SolutionConfigurationPlatforms) = preSolution
		Debug|Any CPU = Debug|Any CPU
		Release|Any CPU = Release|Any CPU
	EndGlobalSection
	GlobalSection(ProjectConfigurationPlatforms) = postSolution
		{25C98B2D-CA6D-4AEC-A566-EEBCCE83ADDC}.Debug|Any CPU.ActiveCfg = Debug|Any CPU
		{25C98B2D-CA6D-4AEC-A566-EEBCCE83ADDC}.Debug|Any CPU.Build.0 = Debug|Any CPU
		{25C98B2D-CA6D-4AEC-A566-EEBCCE83ADDC}.Release|Any CPU.ActiveCfg = Release|Any CPU
		{25C98B2D-CA6D-4AEC-A566-EEBCCE83ADDC}.Release|Any CPU.Build.0 = Release|Any CPU
	EndGlobalSection
	GlobalSection(SolutionProperties) = preSolution
		HideSolutionNode = FALSE
	EndGlobalSection
	GlobalSection(ExtensibilityGlobals) = postSolution
		SolutionGuid = {7AD223E2-3888-4256-9848-3169B5D4774E}
	EndGlobalSection
EndGlobal
