
Microsoft Visual Studio Solution File, Format Version 12.00
# Visual Studio Version 17
VisualStudioVersion = 17.13.35931.197
MinimumVisualStudioVersion = 10.0.40219.1
Project("{FAE04EC0-301F-11D3-BF4B-00C04F79EFBC}") = "Uppgift2", "Uppgift2\Uppgift2.csproj", "{25C98B2D-CA6D-4AEC-A566-EEBCCE83ADDC}"
EndProject
Project("{FAE04EC0-301F-11D3-BF4B-00C04F79EFBC}") = "Uppgift3 Pokemon", "Uppgift3 Pokemon\Uppgift3 Pokemon.csproj", "{6D14B6AB-BF7E-4630-B321-B5E55F686DE6}"
EndProject
Project("{FAE04EC0-301F-11D3-BF4B-00C04F79EFBC}") = "Uppgift4 Minneshantering", "Uppgift4 Minneshantering\Uppgift4 Minneshantering.csproj", "{EEC49ABC-52F8-43E7-9E39-BA8AC792EA42}"
EndProject
Project("{FAE04EC0-301F-11D3-BF4B-00C04F79EFBC}") = "Uppgift5 Garage", "Uppgift5 Garage\Uppgift5 Garage.csproj", "{B94E85FD-9BE0-4389-9C26-BAE45D6EC6AC}"
EndProject
Global
	GlobalSection(SolutionConfigurationPlatforms) = preSolution
		Debug|Any CPU = Debug|Any CPU
		Release|Any CPU = Release|Any CPU
	EndGlobalSection
	GlobalSection(ProjectConfigurationPlatforms) = postSolution
		{25C98B2D-CA6D-4AEC-A566-EEBCCE83ADDC}.Debug|Any CPU.ActiveCfg = Debug|Any CPU
		{25C98B2D-CA6D-4AEC-A566-EEBCCE83ADDC}.Debug|Any CPU.Build.0 = Debug|Any CPU
		{25C98B2D-CA6D-4AEC-A566-EEBCCE83ADDC}.Release|Any CPU.ActiveCfg = Release|Any CPU
		{25C98B2D-CA6D-4AEC-A566-EEBCCE83ADDC}.Release|Any CPU.Build.0 = Release|Any CPU
		{6D14B6AB-BF7E-4630-B321-B5E55F686DE6}.Debug|Any CPU.ActiveCfg = Debug|Any CPU
		{6D14B6AB-BF7E-4630-B321-B5E55F686DE6}.Debug|Any CPU.Build.0 = Debug|Any CPU
		{6D14B6AB-BF7E-4630-B321-B5E55F686DE6}.Release|Any CPU.ActiveCfg = Release|Any CPU
		{6D14B6AB-BF7E-4630-B321-B5E55F686DE6}.Release|Any CPU.Build.0 = Release|Any CPU
		{EEC49ABC-52F8-43E7-9E39-BA8AC792EA42}.Debug|Any CPU.ActiveCfg = Debug|Any CPU
		{EEC49ABC-52F8-43E7-9E39-BA8AC792EA42}.Debug|Any CPU.Build.0 = Debug|Any CPU
		{EEC49ABC-52F8-43E7-9E39-BA8AC792EA42}.Release|Any CPU.ActiveCfg = Release|Any CPU
		{EEC49ABC-52F8-43E7-9E39-BA8AC792EA42}.Release|Any CPU.Build.0 = Release|Any CPU
		{B94E85FD-9BE0-4389-9C26-BAE45D6EC6AC}.Debug|Any CPU.ActiveCfg = Debug|Any CPU
		{B94E85FD-9BE0-4389-9C26-BAE45D6EC6AC}.Debug|Any CPU.Build.0 = Debug|Any CPU
		{B94E85FD-9BE0-4389-9C26-BAE45D6EC6AC}.Release|Any CPU.ActiveCfg = Release|Any CPU
		{B94E85FD-9BE0-4389-9C26-BAE45D6EC6AC}.Release|Any CPU.Build.0 = Release|Any CPU
	EndGlobalSection
	GlobalSection(SolutionProperties) = preSolution
		HideSolutionNode = FALSE
	EndGlobalSection
	GlobalSection(ExtensibilityGlobals) = postSolution
		SolutionGuid = {7AD223E2-3888-4256-9848-3169B5D4774E}
	EndGlobalSection
EndGlobal
